
Microsoft Visual Studio Solution File, Format Version 12.00
# Visual Studio Version 16
VisualStudioVersion = 16.0.29920.165
MinimumVisualStudioVersion = 10.0.40219.1
Project("{00D1A9C2-B5F0-4AF3-8072-F6C62B433612}") = "ContosoUniversityData", "ContosoUniversityData.sqlproj", "{C404F7F1-1CE8-40E1-845B-DABA282A046A}"
EndProject
Project("{FAE04EC0-301F-11D3-BF4B-00C04F79EFBC}") = "ContosoSite", "..\ContosoSite\ContosoSite.csproj", "{F619ABB7-345D-4AE0-9AE9-A7A9EFBE4D6B}"
EndProject
Global
	GlobalSection(SolutionConfigurationPlatforms) = preSolution
		Debug|Any CPU = Debug|Any CPU
		Release|Any CPU = Release|Any CPU
	EndGlobalSection
	GlobalSection(ProjectConfigurationPlatforms) = postSolution
		{C404F7F1-1CE8-40E1-845B-DABA282A046A}.Debug|Any CPU.ActiveCfg = Debug|Any CPU
		{C404F7F1-1CE8-40E1-845B-DABA282A046A}.Debug|Any CPU.Build.0 = Debug|Any CPU
		{C404F7F1-1CE8-40E1-845B-DABA282A046A}.Debug|Any CPU.Deploy.0 = Debug|Any CPU
		{C404F7F1-1CE8-40E1-845B-DABA282A046A}.Release|Any CPU.ActiveCfg = Release|Any CPU
		{C404F7F1-1CE8-40E1-845B-DABA282A046A}.Release|Any CPU.Build.0 = Release|Any CPU
		{C404F7F1-1CE8-40E1-845B-DABA282A046A}.Release|Any CPU.Deploy.0 = Release|Any CPU
		{F619ABB7-345D-4AE0-9AE9-A7A9EFBE4D6B}.Debug|Any CPU.ActiveCfg = Debug|Any CPU
		{F619ABB7-345D-4AE0-9AE9-A7A9EFBE4D6B}.Debug|Any CPU.Build.0 = Debug|Any CPU
		{F619ABB7-345D-4AE0-9AE9-A7A9EFBE4D6B}.Release|Any CPU.ActiveCfg = Release|Any CPU
		{F619ABB7-345D-4AE0-9AE9-A7A9EFBE4D6B}.Release|Any CPU.Build.0 = Release|Any CPU
	EndGlobalSection
	GlobalSection(SolutionProperties) = preSolution
		HideSolutionNode = FALSE
	EndGlobalSection
	GlobalSection(ExtensibilityGlobals) = postSolution
		SolutionGuid = {CAA88097-5D6B-4BCC-81CC-FC7E0FDA337C}
	EndGlobalSection
EndGlobal
